%{"certifi": {:hex, :certifi, "0.3.0"},
  "excoveralls": {:hex, :excoveralls, "0.4.3"},
  "exjsx": {:hex, :exjsx, "3.2.0"},
  "hackney": {:hex, :hackney, "1.4.8"},
  "httpoison": {:hex, :httpoison, "0.8.0"},
  "idna": {:hex, :idna, "1.0.3"},
  "jsx": {:hex, :jsx, "2.6.2"},
  "mimerl": {:hex, :mimerl, "1.0.2"},
  "poison": {:hex, :poison, "1.5.0"},
  "ssl_verify_hostname": {:hex, :ssl_verify_hostname, "1.0.5"}}
